
Microsoft Visual Studio Solution File, Format Version 12.00
# Visual Studio Version 17
VisualStudioVersion = 17.6.33723.286
MinimumVisualStudioVersion = 10.0.40219.1
Project("{FAE04EC0-301F-11D3-BF4B-00C04F79EFBC}") = "Task1", "Task1\Task1.csproj", "{A6D43CF0-56E9-47A5-96FB-D58CE615A565}"
EndProject
Global
	GlobalSection(SolutionConfigurationPlatforms) = preSolution
		Debug|Any CPU = Debug|Any CPU
		Release|Any CPU = Release|Any CPU
	EndGlobalSection
	GlobalSection(ProjectConfigurationPlatforms) = postSolution
		{A6D43CF0-56E9-47A5-96FB-D58CE615A565}.Debug|Any CPU.ActiveCfg = Debug|Any CPU
		{A6D43CF0-56E9-47A5-96FB-D58CE615A565}.Debug|Any CPU.Build.0 = Debug|Any CPU
		{A6D43CF0-56E9-47A5-96FB-D58CE615A565}.Release|Any CPU.ActiveCfg = Release|Any CPU
		{A6D43CF0-56E9-47A5-96FB-D58CE615A565}.Release|Any CPU.Build.0 = Release|Any CPU
	EndGlobalSection
	GlobalSection(SolutionProperties) = preSolution
		HideSolutionNode = FALSE
	EndGlobalSection
	GlobalSection(ExtensibilityGlobals) = postSolution
		SolutionGuid = {8EE12380-5541-4A25-A210-D2297CB61347}
	EndGlobalSection
EndGlobal
